// !$*UTF8*$!
{
	archiveVersion = 1;
	classes = {
	};
	objectVersion = 46;
	objects = {

/* Begin PBXBuildFile section */
		65760F351E63F80300E98511 /* main.m in Sources */ = {isa = PBXBuildFile; fileRef = 65760F341E63F80300E98511 /* main.m */; };
		65760F381E63F80300E98511 /* AppDelegate.m in Sources */ = {isa = PBXBuildFile; fileRef = 65760F371E63F80300E98511 /* AppDelegate.m */; };
		65760F3B1E63F80300E98511 /* ViewController.m in Sources */ = {isa = PBXBuildFile; fileRef = 65760F3A1E63F80300E98511 /* ViewController.m */; };
		65760F3E1E63F80300E98511 /* Main.storyboard in Resources */ = {isa = PBXBuildFile; fileRef = 65760F3C1E63F80300E98511 /* Main.storyboard */; };
		65760F401E63F80300E98511 /* Assets.xcassets in Resources */ = {isa = PBXBuildFile; fileRef = 65760F3F1E63F80300E98511 /* Assets.xcassets */; };
		65760F431E63F80300E98511 /* LaunchScreen.storyboard in Resources */ = {isa = PBXBuildFile; fileRef = 65760F411E63F80300E98511 /* LaunchScreen.storyboard */; };
		65760F4E1E63F80300E98511 /* GCDTestTests.m in Sources */ = {isa = PBXBuildFile; fileRef = 65760F4D1E63F80300E98511 /* GCDTestTests.m */; };
		65760F591E63F80300E98511 /* GCDTestUITests.m in Sources */ = {isa = PBXBuildFile; fileRef = 65760F581E63F80300E98511 /* GCDTestUITests.m */; };
		65760F681E63F89400E98511 /* SQItemOneViewController.m in Sources */ = {isa = PBXBuildFile; fileRef = 65760F671E63F89400E98511 /* SQItemOneViewController.m */; };
		65760F841E63F93A00E98511 /* Info.plist in Resources */ = {isa = PBXBuildFile; fileRef = 65760F6A1E63F93A00E98511 /* Info.plist */; };
		65760F851E63F93A00E98511 /* MASCompositeConstraint.m in Sources */ = {isa = PBXBuildFile; fileRef = 65760F6C1E63F93A00E98511 /* MASCompositeConstraint.m */; };
		65760F861E63F93A00E98511 /* MASConstraint.m in Sources */ = {isa = PBXBuildFile; fileRef = 65760F6F1E63F93A00E98511 /* MASConstraint.m */; };
		65760F871E63F93A00E98511 /* MASConstraintMaker.m in Sources */ = {isa = PBXBuildFile; fileRef = 65760F711E63F93A00E98511 /* MASConstraintMaker.m */; };
		65760F881E63F93A00E98511 /* MASLayoutConstraint.m in Sources */ = {isa = PBXBuildFile; fileRef = 65760F731E63F93A00E98511 /* MASLayoutConstraint.m */; };
		65760F891E63F93A00E98511 /* MASViewAttribute.m in Sources */ = {isa = PBXBuildFile; fileRef = 65760F771E63F93A00E98511 /* MASViewAttribute.m */; };
		65760F8A1E63F93A00E98511 /* MASViewConstraint.m in Sources */ = {isa = PBXBuildFile; fileRef = 65760F791E63F93A00E98511 /* MASViewConstraint.m */; };
		65760F8B1E63F93A00E98511 /* NSArray+MASAdditions.m in Sources */ = {isa = PBXBuildFile; fileRef = 65760F7B1E63F93A00E98511 /* NSArray+MASAdditions.m */; };
		65760F8C1E63F93A00E98511 /* NSLayoutConstraint+MASDebugAdditions.m in Sources */ = {isa = PBXBuildFile; fileRef = 65760F7E1E63F93A00E98511 /* NSLayoutConstraint+MASDebugAdditions.m */; };
		65760F8D1E63F93A00E98511 /* View+MASAdditions.m in Sources */ = {isa = PBXBuildFile; fileRef = 65760F801E63F93A00E98511 /* View+MASAdditions.m */; };
		65760F8E1E63F93A00E98511 /* ViewController+MASAdditions.m in Sources */ = {isa = PBXBuildFile; fileRef = 65760F831E63F93A00E98511 /* ViewController+MASAdditions.m */; };
		65760FAB1E63FEF100E98511 /* AFHTTPRequestOperation.m in Sources */ = {isa = PBXBuildFile; fileRef = 65760F931E63FEF100E98511 /* AFHTTPRequestOperation.m */; };
		65760FAC1E63FEF100E98511 /* AFHTTPRequestOperationManager.m in Sources */ = {isa = PBXBuildFile; fileRef = 65760F951E63FEF100E98511 /* AFHTTPRequestOperationManager.m */; };
		65760FAD1E63FEF100E98511 /* AFHTTPSessionManager.m in Sources */ = {isa = PBXBuildFile; fileRef = 65760F971E63FEF100E98511 /* AFHTTPSessionManager.m */; };
		65760FAF1E63FEF100E98511 /* AFNet.m in Sources */ = {isa = PBXBuildFile; fileRef = 65760F9B1E63FEF100E98511 /* AFNet.m */; };
		65760FB01E63FEF100E98511 /* AFNetworkReachabilityManager.m in Sources */ = {isa = PBXBuildFile; fileRef = 65760F9E1E63FEF100E98511 /* AFNetworkReachabilityManager.m */; };
		65760FB11E63FEF100E98511 /* AFSecurityPolicy.m in Sources */ = {isa = PBXBuildFile; fileRef = 65760FA01E63FEF100E98511 /* AFSecurityPolicy.m */; };
		65760FB21E63FEF100E98511 /* AFURLConnectionOperation.m in Sources */ = {isa = PBXBuildFile; fileRef = 65760FA21E63FEF100E98511 /* AFURLConnectionOperation.m */; };
		65760FB31E63FEF100E98511 /* AFURLRequestSerialization.m in Sources */ = {isa = PBXBuildFile; fileRef = 65760FA41E63FEF100E98511 /* AFURLRequestSerialization.m */; };
		65760FB41E63FEF100E98511 /* AFURLResponseSerialization.m in Sources */ = {isa = PBXBuildFile; fileRef = 65760FA61E63FEF100E98511 /* AFURLResponseSerialization.m */; };
		65760FB51E63FEF100E98511 /* AFURLSessionManager.m in Sources */ = {isa = PBXBuildFile; fileRef = 65760FA81E63FEF100E98511 /* AFURLSessionManager.m */; };
		65760FB61E63FEF100E98511 /* UIImageView+AFNetworking.m in Sources */ = {isa = PBXBuildFile; fileRef = 65760FAA1E63FEF100E98511 /* UIImageView+AFNetworking.m */; };
		65760FB91E64117800E98511 /* SQItemTwoViewController.m in Sources */ = {isa = PBXBuildFile; fileRef = 65760FB81E64117800E98511 /* SQItemTwoViewController.m */; };
		65760FBC1E64296700E98511 /* SQItemThreeViewController.m in Sources */ = {isa = PBXBuildFile; fileRef = 65760FBB1E64296700E98511 /* SQItemThreeViewController.m */; };
/* End PBXBuildFile section */

/* Begin PBXContainerItemProxy section */
		65760F4A1E63F80300E98511 /* PBXContainerItemProxy */ = {
			isa = PBXContainerItemProxy;
			containerPortal = 65760F281E63F80300E98511 /* Project object */;
			proxyType = 1;
			remoteGlobalIDString = 65760F2F1E63F80300E98511;
			remoteInfo = GCDTest;
		};
		65760F551E63F80300E98511 /* PBXContainerItemProxy */ = {
			isa = PBXContainerItemProxy;
			containerPortal = 65760F281E63F80300E98511 /* Project object */;
			proxyType = 1;
			remoteGlobalIDString = 65760F2F1E63F80300E98511;
			remoteInfo = GCDTest;
		};
/* End PBXContainerItemProxy section */

/* Begin PBXFileReference section */
		65760F301E63F80300E98511 /* GCDTest.app */ = {isa = PBXFileReference; explicitFileType = wrapper.application; includeInIndex = 0; path = GCDTest.app; sourceTree = BUILT_PRODUCTS_DIR; };
		65760F341E63F80300E98511 /* main.m */ = {isa = PBXFileReference; lastKnownFileType = sourcecode.c.objc; path = main.m; sourceTree = "<group>"; };
		65760F361E63F80300E98511 /* AppDelegate.h */ = {isa = PBXFileReference; lastKnownFileType = sourcecode.c.h; path = AppDelegate.h; sourceTree = "<group>"; };
		65760F371E63F80300E98511 /* AppDelegate.m */ = {isa = PBXFileReference; lastKnownFileType = sourcecode.c.objc; path = AppDelegate.m; sourceTree = "<group>"; };
		65760F391E63F80300E98511 /* ViewController.h */ = {isa = PBXFileReference; lastKnownFileType = sourcecode.c.h; path = ViewController.h; sourceTree = "<group>"; };
		65760F3A1E63F80300E98511 /* ViewController.m */ = {isa = PBXFileReference; lastKnownFileType = sourcecode.c.objc; path = ViewController.m; sourceTree = "<group>"; };
		65760F3D1E63F80300E98511 /* Base */ = {isa = PBXFileReference; lastKnownFileType = file.storyboard; name = Base; path = Base.lproj/Main.storyboard; sourceTree = "<group>"; };
		65760F3F1E63F80300E98511 /* Assets.xcassets */ = {isa = PBXFileReference; lastKnownFileType = folder.assetcatalog; path = Assets.xcassets; sourceTree = "<group>"; };
		65760F421E63F80300E98511 /* Base */ = {isa = PBXFileReference; lastKnownFileType = file.storyboard; name = Base; path = Base.lproj/LaunchScreen.storyboard; sourceTree = "<group>"; };
		65760F441E63F80300E98511 /* Info.plist */ = {isa = PBXFileReference; lastKnownFileType = text.plist.xml; path = Info.plist; sourceTree = "<group>"; };
		65760F491E63F80300E98511 /* GCDTestTests.xctest */ = {isa = PBXFileReference; explicitFileType = wrapper.cfbundle; includeInIndex = 0; path = GCDTestTests.xctest; sourceTree = BUILT_PRODUCTS_DIR; };
		65760F4D1E63F80300E98511 /* GCDTestTests.m */ = {isa = PBXFileReference; lastKnownFileType = sourcecode.c.objc; path = GCDTestTests.m; sourceTree = "<group>"; };
		65760F4F1E63F80300E98511 /* Info.plist */ = {isa = PBXFileReference; lastKnownFileType = text.plist.xml; path = Info.plist; sourceTree = "<group>"; };
		65760F541E63F80300E98511 /* GCDTestUITests.xctest */ = {isa = PBXFileReference; explicitFileType = wrapper.cfbundle; includeInIndex = 0; path = GCDTestUITests.xctest; sourceTree = BUILT_PRODUCTS_DIR; };
		65760F581E63F80300E98511 /* GCDTestUITests.m */ = {isa = PBXFileReference; lastKnownFileType = sourcecode.c.objc; path = GCDTestUITests.m; sourceTree = "<group>"; };
		65760F5A1E63F80300E98511 /* Info.plist */ = {isa = PBXFileReference; lastKnownFileType = text.plist.xml; path = Info.plist; sourceTree = "<group>"; };
		65760F661E63F89400E98511 /* SQItemOneViewController.h */ = {isa = PBXFileReference; fileEncoding = 4; lastKnownFileType = sourcecode.c.h; path = SQItemOneViewController.h; sourceTree = "<group>"; };
		65760F671E63F89400E98511 /* SQItemOneViewController.m */ = {isa = PBXFileReference; fileEncoding = 4; lastKnownFileType = sourcecode.c.objc; path = SQItemOneViewController.m; sourceTree = "<group>"; };
		65760F6A1E63F93A00E98511 /* Info.plist */ = {isa = PBXFileReference; fileEncoding = 4; lastKnownFileType = text.plist.xml; path = Info.plist; sourceTree = "<group>"; };
		65760F6B1E63F93A00E98511 /* MASCompositeConstraint.h */ = {isa = PBXFileReference; fileEncoding = 4; lastKnownFileType = sourcecode.c.h; path = MASCompositeConstraint.h; sourceTree = "<group>"; };
		65760F6C1E63F93A00E98511 /* MASCompositeConstraint.m */ = {isa = PBXFileReference; fileEncoding = 4; lastKnownFileType = sourcecode.c.objc; path = MASCompositeConstraint.m; sourceTree = "<group>"; };
		65760F6D1E63F93A00E98511 /* MASConstraint+Private.h */ = {isa = PBXFileReference; fileEncoding = 4; lastKnownFileType = sourcecode.c.h; path = "MASConstraint+Private.h"; sourceTree = "<group>"; };
		65760F6E1E63F93A00E98511 /* MASConstraint.h */ = {isa = PBXFileReference; fileEncoding = 4; lastKnownFileType = sourcecode.c.h; path = MASConstraint.h; sourceTree = "<group>"; };
		65760F6F1E63F93A00E98511 /* MASConstraint.m */ = {isa = PBXFileReference; fileEncoding = 4; lastKnownFileType = sourcecode.c.objc; path = MASConstraint.m; sourceTree = "<group>"; };
		65760F701E63F93A00E98511 /* MASConstraintMaker.h */ = {isa = PBXFileReference; fileEncoding = 4; lastKnownFileType = sourcecode.c.h; path = MASConstraintMaker.h; sourceTree = "<group>"; };
		65760F711E63F93A00E98511 /* MASConstraintMaker.m */ = {isa = PBXFileReference; fileEncoding = 4; lastKnownFileType = sourcecode.c.objc; path = MASConstraintMaker.m; sourceTree = "<group>"; };
		65760F721E63F93A00E98511 /* MASLayoutConstraint.h */ = {isa = PBXFileReference; fileEncoding = 4; lastKnownFileType = sourcecode.c.h; path = MASLayoutConstraint.h; sourceTree = "<group>"; };
		65760F731E63F93A00E98511 /* MASLayoutConstraint.m */ = {isa = PBXFileReference; fileEncoding = 4; lastKnownFileType = sourcecode.c.objc; path = MASLayoutConstraint.m; sourceTree = "<group>"; };
		65760F741E63F93A00E98511 /* Masonry.h */ = {isa = PBXFileReference; fileEncoding = 4; lastKnownFileType = sourcecode.c.h; path = Masonry.h; sourceTree = "<group>"; };
		65760F751E63F93A00E98511 /* MASUtilities.h */ = {isa = PBXFileReference; fileEncoding = 4; lastKnownFileType = sourcecode.c.h; path = MASUtilities.h; sourceTree = "<group>"; };
		65760F761E63F93A00E98511 /* MASViewAttribute.h */ = {isa = PBXFileReference; fileEncoding = 4; lastKnownFileType = sourcecode.c.h; path = MASViewAttribute.h; sourceTree = "<group>"; };
		65760F771E63F93A00E98511 /* MASViewAttribute.m */ = {isa = PBXFileReference; fileEncoding = 4; lastKnownFileType = sourcecode.c.objc; path = MASViewAttribute.m; sourceTree = "<group>"; };
		65760F781E63F93A00E98511 /* MASViewConstraint.h */ = {isa = PBXFileReference; fileEncoding = 4; lastKnownFileType = sourcecode.c.h; path = MASViewConstraint.h; sourceTree = "<group>"; };
		65760F791E63F93A00E98511 /* MASViewConstraint.m */ = {isa = PBXFileReference; fileEncoding = 4; lastKnownFileType = sourcecode.c.objc; path = MASViewConstraint.m; sourceTree = "<group>"; };
		65760F7A1E63F93A00E98511 /* NSArray+MASAdditions.h */ = {isa = PBXFileReference; fileEncoding = 4; lastKnownFileType = sourcecode.c.h; path = "NSArray+MASAdditions.h"; sourceTree = "<group>"; };
		65760F7B1E63F93A00E98511 /* NSArray+MASAdditions.m */ = {isa = PBXFileReference; fileEncoding = 4; lastKnownFileType = sourcecode.c.objc; path = "NSArray+MASAdditions.m"; sourceTree = "<group>"; };
		65760F7C1E63F93A00E98511 /* NSArray+MASShorthandAdditions.h */ = {isa = PBXFileReference; fileEncoding = 4; lastKnownFileType = sourcecode.c.h; path = "NSArray+MASShorthandAdditions.h"; sourceTree = "<group>"; };
		65760F7D1E63F93A00E98511 /* NSLayoutConstraint+MASDebugAdditions.h */ = {isa = PBXFileReference; fileEncoding = 4; lastKnownFileType = sourcecode.c.h; path = "NSLayoutConstraint+MASDebugAdditions.h"; sourceTree = "<group>"; };
		65760F7E1E63F93A00E98511 /* NSLayoutConstraint+MASDebugAdditions.m */ = {isa = PBXFileReference; fileEncoding = 4; lastKnownFileType = sourcecode.c.objc; path = "NSLayoutConstraint+MASDebugAdditions.m"; sourceTree = "<group>"; };
		65760F7F1E63F93A00E98511 /* View+MASAdditions.h */ = {isa = PBXFileReference; fileEncoding = 4; lastKnownFileType = sourcecode.c.h; path = "View+MASAdditions.h"; sourceTree = "<group>"; };
		65760F801E63F93A00E98511 /* View+MASAdditions.m */ = {isa = PBXFileReference; fileEncoding = 4; lastKnownFileType = sourcecode.c.objc; path = "View+MASAdditions.m"; sourceTree = "<group>"; };
		65760F811E63F93A00E98511 /* View+MASShorthandAdditions.h */ = {isa = PBXFileReference; fileEncoding = 4; lastKnownFileType = sourcecode.c.h; path = "View+MASShorthandAdditions.h"; sourceTree = "<group>"; };
		65760F821E63F93A00E98511 /* ViewController+MASAdditions.h */ = {isa = PBXFileReference; fileEncoding = 4; lastKnownFileType = sourcecode.c.h; path = "ViewController+MASAdditions.h"; sourceTree = "<group>"; };
		65760F831E63F93A00E98511 /* ViewController+MASAdditions.m */ = {isa = PBXFileReference; fileEncoding = 4; lastKnownFileType = sourcecode.c.objc; path = "ViewController+MASAdditions.m"; sourceTree = "<group>"; };
		65760F901E63FCE900E98511 /* PrefixHeader.pch */ = {isa = PBXFileReference; lastKnownFileType = sourcecode.c.h; name = PrefixHeader.pch; path = GCDTest/PrefixHeader.pch; sourceTree = SOURCE_ROOT; };
		65760F921E63FEF100E98511 /* AFHTTPRequestOperation.h */ = {isa = PBXFileReference; fileEncoding = 4; lastKnownFileType = sourcecode.c.h; path = AFHTTPRequestOperation.h; sourceTree = "<group>"; };
		65760F931E63FEF100E98511 /* AFHTTPRequestOperation.m */ = {isa = PBXFileReference; fileEncoding = 4; lastKnownFileType = sourcecode.c.objc; path = AFHTTPRequestOperation.m; sourceTree = "<group>"; };
		65760F941E63FEF100E98511 /* AFHTTPRequestOperationManager.h */ = {isa = PBXFileReference; fileEncoding = 4; lastKnownFileType = sourcecode.c.h; path = AFHTTPRequestOperationManager.h; sourceTree = "<group>"; };
		65760F951E63FEF100E98511 /* AFHTTPRequestOperationManager.m */ = {isa = PBXFileReference; fileEncoding = 4; lastKnownFileType = sourcecode.c.objc; path = AFHTTPRequestOperationManager.m; sourceTree = "<group>"; };
		65760F961E63FEF100E98511 /* AFHTTPSessionManager.h */ = {isa = PBXFileReference; fileEncoding = 4; lastKnownFileType = sourcecode.c.h; path = AFHTTPSessionManager.h; sourceTree = "<group>"; };
		65760F971E63FEF100E98511 /* AFHTTPSessionManager.m */ = {isa = PBXFileReference; fileEncoding = 4; lastKnownFileType = sourcecode.c.objc; path = AFHTTPSessionManager.m; sourceTree = "<group>"; };
		65760F9A1E63FEF100E98511 /* AFNet.h */ = {isa = PBXFileReference; fileEncoding = 4; lastKnownFileType = sourcecode.c.h; path = AFNet.h; sourceTree = "<group>"; };
		65760F9B1E63FEF100E98511 /* AFNet.m */ = {isa = PBXFileReference; fileEncoding = 4; lastKnownFileType = sourcecode.c.objc; path = AFNet.m; sourceTree = "<group>"; };
		65760F9C1E63FEF100E98511 /* AFNetworking.h */ = {isa = PBXFileReference; fileEncoding = 4; lastKnownFileType = sourcecode.c.h; path = AFNetworking.h; sourceTree = "<group>"; };
		65760F9D1E63FEF100E98511 /* AFNetworkReachabilityManager.h */ = {isa = PBXFileReference; fileEncoding = 4; lastKnownFileType = sourcecode.c.h; path = AFNetworkReachabilityManager.h; sourceTree = "<group>"; };
		65760F9E1E63FEF100E98511 /* AFNetworkReachabilityManager.m */ = {isa = PBXFileReference; fileEncoding = 4; lastKnownFileType = sourcecode.c.objc; path = AFNetworkReachabilityManager.m; sourceTree = "<group>"; };
		65760F9F1E63FEF100E98511 /* AFSecurityPolicy.h */ = {isa = PBXFileReference; fileEncoding = 4; lastKnownFileType = sourcecode.c.h; path = AFSecurityPolicy.h; sourceTree = "<group>"; };
		65760FA01E63FEF100E98511 /* AFSecurityPolicy.m */ = {isa = PBXFileReference; fileEncoding = 4; lastKnownFileType = sourcecode.c.objc; path = AFSecurityPolicy.m; sourceTree = "<group>"; };
		65760FA11E63FEF100E98511 /* AFURLConnectionOperation.h */ = {isa = PBXFileReference; fileEncoding = 4; lastKnownFileType = sourcecode.c.h; path = AFURLConnectionOperation.h; sourceTree = "<group>"; };
		65760FA21E63FEF100E98511 /* AFURLConnectionOperation.m */ = {isa = PBXFileReference; fileEncoding = 4; lastKnownFileType = sourcecode.c.objc; path = AFURLConnectionOperation.m; sourceTree = "<group>"; };
		65760FA31E63FEF100E98511 /* AFURLRequestSerialization.h */ = {isa = PBXFileReference; fileEncoding = 4; lastKnownFileType = sourcecode.c.h; path = AFURLRequestSerialization.h; sourceTree = "<group>"; };
		65760FA41E63FEF100E98511 /* AFURLRequestSerialization.m */ = {isa = PBXFileReference; fileEncoding = 4; lastKnownFileType = sourcecode.c.objc; path = AFURLRequestSerialization.m; sourceTree = "<group>"; };
		65760FA51E63FEF100E98511 /* AFURLResponseSerialization.h */ = {isa = PBXFileReference; fileEncoding = 4; lastKnownFileType = sourcecode.c.h; path = AFURLResponseSerialization.h; sourceTree = "<group>"; };
		65760FA61E63FEF100E98511 /* AFURLResponseSerialization.m */ = {isa = PBXFileReference; fileEncoding = 4; lastKnownFileType = sourcecode.c.objc; path = AFURLResponseSerialization.m; sourceTree = "<group>"; };
		65760FA71E63FEF100E98511 /* AFURLSessionManager.h */ = {isa = PBXFileReference; fileEncoding = 4; lastKnownFileType = sourcecode.c.h; path = AFURLSessionManager.h; sourceTree = "<group>"; };
		65760FA81E63FEF100E98511 /* AFURLSessionManager.m */ = {isa = PBXFileReference; fileEncoding = 4; lastKnownFileType = sourcecode.c.objc; path = AFURLSessionManager.m; sourceTree = "<group>"; };
		65760FA91E63FEF100E98511 /* UIImageView+AFNetworking.h */ = {isa = PBXFileReference; fileEncoding = 4; lastKnownFileType = sourcecode.c.h; path = "UIImageView+AFNetworking.h"; sourceTree = "<group>"; };
		65760FAA1E63FEF100E98511 /* UIImageView+AFNetworking.m */ = {isa = PBXFileReference; fileEncoding = 4; lastKnownFileType = sourcecode.c.objc; path = "UIImageView+AFNetworking.m"; sourceTree = "<group>"; };
		65760FB71E64117800E98511 /* SQItemTwoViewController.h */ = {isa = PBXFileReference; fileEncoding = 4; lastKnownFileType = sourcecode.c.h; path = SQItemTwoViewController.h; sourceTree = "<group>"; };
		65760FB81E64117800E98511 /* SQItemTwoViewController.m */ = {isa = PBXFileReference; fileEncoding = 4; lastKnownFileType = sourcecode.c.objc; path = SQItemTwoViewController.m; sourceTree = "<group>"; };
		65760FBA1E64296700E98511 /* SQItemThreeViewController.h */ = {isa = PBXFileReference; fileEncoding = 4; lastKnownFileType = sourcecode.c.h; path = SQItemThreeViewController.h; sourceTree = "<group>"; };
		65760FBB1E64296700E98511 /* SQItemThreeViewController.m */ = {isa = PBXFileReference; fileEncoding = 4; lastKnownFileType = sourcecode.c.objc; path = SQItemThreeViewController.m; sourceTree = "<group>"; };
/* End PBXFileReference section */

/* Begin PBXFrameworksBuildPhase section */
		65760F2D1E63F80300E98511 /* Frameworks */ = {
			isa = PBXFrameworksBuildPhase;
			buildActionMask = 2147483647;
			files = (
			);
			runOnlyForDeploymentPostprocessing = 0;
		};
		65760F461E63F80300E98511 /* Frameworks */ = {
			isa = PBXFrameworksBuildPhase;
			buildActionMask = 2147483647;
			files = (
			);
			runOnlyForDeploymentPostprocessing = 0;
		};
		65760F511E63F80300E98511 /* Frameworks */ = {
			isa = PBXFrameworksBuildPhase;
			buildActionMask = 2147483647;
			files = (
			);
			runOnlyForDeploymentPostprocessing = 0;
		};
/* End PBXFrameworksBuildPhase section */

/* Begin PBXGroup section */
		65760F271E63F80300E98511 = {
			isa = PBXGroup;
			children = (
				65760F321E63F80300E98511 /* GCDTest */,
				65760F4C1E63F80300E98511 /* GCDTestTests */,
				65760F571E63F80300E98511 /* GCDTestUITests */,
				65760F311E63F80300E98511 /* Products */,
			);
			sourceTree = "<group>";
		};
		65760F311E63F80300E98511 /* Products */ = {
			isa = PBXGroup;
			children = (
				65760F301E63F80300E98511 /* GCDTest.app */,
				65760F491E63F80300E98511 /* GCDTestTests.xctest */,
				65760F541E63F80300E98511 /* GCDTestUITests.xctest */,
			);
			name = Products;
			sourceTree = "<group>";
		};
		65760F321E63F80300E98511 /* GCDTest */ = {
			isa = PBXGroup;
			children = (
				65760F361E63F80300E98511 /* AppDelegate.h */,
				65760F371E63F80300E98511 /* AppDelegate.m */,
				65760F391E63F80300E98511 /* ViewController.h */,
				65760F3A1E63F80300E98511 /* ViewController.m */,
				65760F661E63F89400E98511 /* SQItemOneViewController.h */,
				65760F671E63F89400E98511 /* SQItemOneViewController.m */,
				65760FB71E64117800E98511 /* SQItemTwoViewController.h */,
				65760FB81E64117800E98511 /* SQItemTwoViewController.m */,
				65760FBA1E64296700E98511 /* SQItemThreeViewController.h */,
				65760FBB1E64296700E98511 /* SQItemThreeViewController.m */,
				65760F3C1E63F80300E98511 /* Main.storyboard */,
				65760F3F1E63F80300E98511 /* Assets.xcassets */,
				65760F411E63F80300E98511 /* LaunchScreen.storyboard */,
				65760F441E63F80300E98511 /* Info.plist */,
				65760F331E63F80300E98511 /* Supporting Files */,
			);
			path = GCDTest;
			sourceTree = "<group>";
		};
		65760F331E63F80300E98511 /* Supporting Files */ = {
			isa = PBXGroup;
			children = (
				65760F911E63FEF100E98511 /* AFNetworking */,
				65760F691E63F93A00E98511 /* Masonry */,
				65760F341E63F80300E98511 /* main.m */,
			);
			name = "Supporting Files";
			sourceTree = "<group>";
		};
		65760F4C1E63F80300E98511 /* GCDTestTests */ = {
			isa = PBXGroup;
			children = (
				65760F4D1E63F80300E98511 /* GCDTestTests.m */,
				65760F4F1E63F80300E98511 /* Info.plist */,
			);
			path = GCDTestTests;
			sourceTree = "<group>";
		};
		65760F571E63F80300E98511 /* GCDTestUITests */ = {
			isa = PBXGroup;
			children = (
				65760F581E63F80300E98511 /* GCDTestUITests.m */,
				65760F5A1E63F80300E98511 /* Info.plist */,
			);
			path = GCDTestUITests;
			sourceTree = "<group>";
		};
		65760F691E63F93A00E98511 /* Masonry */ = {
			isa = PBXGroup;
			children = (
				65760F901E63FCE900E98511 /* PrefixHeader.pch */,
				65760F6A1E63F93A00E98511 /* Info.plist */,
				65760F6B1E63F93A00E98511 /* MASCompositeConstraint.h */,
				65760F6C1E63F93A00E98511 /* MASCompositeConstraint.m */,
				65760F6D1E63F93A00E98511 /* MASConstraint+Private.h */,
				65760F6E1E63F93A00E98511 /* MASConstraint.h */,
				65760F6F1E63F93A00E98511 /* MASConstraint.m */,
				65760F701E63F93A00E98511 /* MASConstraintMaker.h */,
				65760F711E63F93A00E98511 /* MASConstraintMaker.m */,
				65760F721E63F93A00E98511 /* MASLayoutConstraint.h */,
				65760F731E63F93A00E98511 /* MASLayoutConstraint.m */,
				65760F741E63F93A00E98511 /* Masonry.h */,
				65760F751E63F93A00E98511 /* MASUtilities.h */,
				65760F761E63F93A00E98511 /* MASViewAttribute.h */,
				65760F771E63F93A00E98511 /* MASViewAttribute.m */,
				65760F781E63F93A00E98511 /* MASViewConstraint.h */,
				65760F791E63F93A00E98511 /* MASViewConstraint.m */,
				65760F7A1E63F93A00E98511 /* NSArray+MASAdditions.h */,
				65760F7B1E63F93A00E98511 /* NSArray+MASAdditions.m */,
				65760F7C1E63F93A00E98511 /* NSArray+MASShorthandAdditions.h */,
				65760F7D1E63F93A00E98511 /* NSLayoutConstraint+MASDebugAdditions.h */,
				65760F7E1E63F93A00E98511 /* NSLayoutConstraint+MASDebugAdditions.m */,
				65760F7F1E63F93A00E98511 /* View+MASAdditions.h */,
				65760F801E63F93A00E98511 /* View+MASAdditions.m */,
				65760F811E63F93A00E98511 /* View+MASShorthandAdditions.h */,
				65760F821E63F93A00E98511 /* ViewController+MASAdditions.h */,
				65760F831E63F93A00E98511 /* ViewController+MASAdditions.m */,
			);
			path = Masonry;
			sourceTree = "<group>";
		};
		65760F911E63FEF100E98511 /* AFNetworking */ = {
			isa = PBXGroup;
			children = (
				65760F921E63FEF100E98511 /* AFHTTPRequestOperation.h */,
				65760F931E63FEF100E98511 /* AFHTTPRequestOperation.m */,
				65760F941E63FEF100E98511 /* AFHTTPRequestOperationManager.h */,
				65760F951E63FEF100E98511 /* AFHTTPRequestOperationManager.m */,
				65760F961E63FEF100E98511 /* AFHTTPSessionManager.h */,
				65760F971E63FEF100E98511 /* AFHTTPSessionManager.m */,
				65760F9A1E63FEF100E98511 /* AFNet.h */,
				65760F9B1E63FEF100E98511 /* AFNet.m */,
				65760F9C1E63FEF100E98511 /* AFNetworking.h */,
				65760F9D1E63FEF100E98511 /* AFNetworkReachabilityManager.h */,
				65760F9E1E63FEF100E98511 /* AFNetworkReachabilityManager.m */,
				65760F9F1E63FEF100E98511 /* AFSecurityPolicy.h */,
				65760FA01E63FEF100E98511 /* AFSecurityPolicy.m */,
				65760FA11E63FEF100E98511 /* AFURLConnectionOperation.h */,
				65760FA21E63FEF100E98511 /* AFURLConnectionOperation.m */,
				65760FA31E63FEF100E98511 /* AFURLRequestSerialization.h */,
				65760FA41E63FEF100E98511 /* AFURLRequestSerialization.m */,
				65760FA51E63FEF100E98511 /* AFURLResponseSerialization.h */,
				65760FA61E63FEF100E98511 /* AFURLResponseSerialization.m */,
				65760FA71E63FEF100E98511 /* AFURLSessionManager.h */,
				65760FA81E63FEF100E98511 /* AFURLSessionManager.m */,
				65760FA91E63FEF100E98511 /* UIImageView+AFNetworking.h */,
				65760FAA1E63FEF100E98511 /* UIImageView+AFNetworking.m */,
			);
			path = AFNetworking;
			sourceTree = "<group>";
		};
/* End PBXGroup section */

/* Begin PBXNativeTarget section */
		65760F2F1E63F80300E98511 /* GCDTest */ = {
			isa = PBXNativeTarget;
			buildConfigurationList = 65760F5D1E63F80300E98511 /* Build configuration list for PBXNativeTarget "GCDTest" */;
			buildPhases = (
				65760F2C1E63F80300E98511 /* Sources */,
				65760F2D1E63F80300E98511 /* Frameworks */,
				65760F2E1E63F80300E98511 /* Resources */,
			);
			buildRules = (
			);
			dependencies = (
			);
			name = GCDTest;
			productName = GCDTest;
			productReference = 65760F301E63F80300E98511 /* GCDTest.app */;
			productType = "com.apple.product-type.application";
		};
		65760F481E63F80300E98511 /* GCDTestTests */ = {
			isa = PBXNativeTarget;
			buildConfigurationList = 65760F601E63F80300E98511 /* Build configuration list for PBXNativeTarget "GCDTestTests" */;
			buildPhases = (
				65760F451E63F80300E98511 /* Sources */,
				65760F461E63F80300E98511 /* Frameworks */,
				65760F471E63F80300E98511 /* Resources */,
			);
			buildRules = (
			);
			dependencies = (
				65760F4B1E63F80300E98511 /* PBXTargetDependency */,
			);
			name = GCDTestTests;
			productName = GCDTestTests;
			productReference = 65760F491E63F80300E98511 /* GCDTestTests.xctest */;
			productType = "com.apple.product-type.bundle.unit-test";
		};
		65760F531E63F80300E98511 /* GCDTestUITests */ = {
			isa = PBXNativeTarget;
			buildConfigurationList = 65760F631E63F80300E98511 /* Build configuration list for PBXNativeTarget "GCDTestUITests" */;
			buildPhases = (
				65760F501E63F80300E98511 /* Sources */,
				65760F511E63F80300E98511 /* Frameworks */,
				65760F521E63F80300E98511 /* Resources */,
			);
			buildRules = (
			);
			dependencies = (
				65760F561E63F80300E98511 /* PBXTargetDependency */,
			);
			name = GCDTestUITests;
			productName = GCDTestUITests;
			productReference = 65760F541E63F80300E98511 /* GCDTestUITests.xctest */;
			productType = "com.apple.product-type.bundle.ui-testing";
		};
/* End PBXNativeTarget section */

/* Begin PBXProject section */
		65760F281E63F80300E98511 /* Project object */ = {
			isa = PBXProject;
			attributes = {
				CLASSPREFIX = SQ;
				LastUpgradeCheck = 0730;
				ORGANIZATIONNAME = zhanghaibin;
				TargetAttributes = {
					65760F2F1E63F80300E98511 = {
						CreatedOnToolsVersion = 7.3.1;
						DevelopmentTeam = 549RC4M8UT;
					};
					65760F481E63F80300E98511 = {
						CreatedOnToolsVersion = 7.3.1;
						TestTargetID = 65760F2F1E63F80300E98511;
					};
					65760F531E63F80300E98511 = {
						CreatedOnToolsVersion = 7.3.1;
						TestTargetID = 65760F2F1E63F80300E98511;
					};
				};
			};
			buildConfigurationList = 65760F2B1E63F80300E98511 /* Build configuration list for PBXProject "GCDTest" */;
			compatibilityVersion = "Xcode 3.2";
			developmentRegion = English;
			hasScannedForEncodings = 0;
			knownRegions = (
				en,
				Base,
			);
			mainGroup = 65760F271E63F80300E98511;
			productRefGroup = 65760F311E63F80300E98511 /* Products */;
			projectDirPath = "";
			projectRoot = "";
			targets = (
				65760F2F1E63F80300E98511 /* GCDTest */,
				65760F481E63F80300E98511 /* GCDTestTests */,
				65760F531E63F80300E98511 /* GCDTestUITests */,
			);
		};
/* End PBXProject section */

/* Begin PBXResourcesBuildPhase section */
		65760F2E1E63F80300E98511 /* Resources */ = {
			isa = PBXResourcesBuildPhase;
			buildActionMask = 2147483647;
			files = (
				65760F841E63F93A00E98511 /* Info.plist in Resources */,
				65760F431E63F80300E98511 /* LaunchScreen.storyboard in Resources */,
				65760F401E63F80300E98511 /* Assets.xcassets in Resources */,
				65760F3E1E63F80300E98511 /* Main.storyboard in Resources */,
			);
			runOnlyForDeploymentPostprocessing = 0;
		};
		65760F471E63F80300E98511 /* Resources */ = {
			isa = PBXResourcesBuildPhase;
			buildActionMask = 2147483647;
			files = (
			);
			runOnlyForDeploymentPostprocessing = 0;
		};
		65760F521E63F80300E98511 /* Resources */ = {
			isa = PBXResourcesBuildPhase;
			buildActionMask = 2147483647;
			files = (
			);
			runOnlyForDeploymentPostprocessing = 0;
		};
/* End PBXResourcesBuildPhase section */

/* Begin PBXSourcesBuildPhase section */
		65760F2C1E63F80300E98511 /* Sources */ = {
			isa = PBXSourcesBuildPhase;
			buildActionMask = 2147483647;
			files = (
				65760FB51E63FEF100E98511 /* AFURLSessionManager.m in Sources */,
				65760FB61E63FEF100E98511 /* UIImageView+AFNetworking.m in Sources */,
				65760FB21E63FEF100E98511 /* AFURLConnectionOperation.m in Sources */,
				65760FBC1E64296700E98511 /* SQItemThreeViewController.m in Sources */,
				65760F871E63F93A00E98511 /* MASConstraintMaker.m in Sources */,
				65760FB01E63FEF100E98511 /* AFNetworkReachabilityManager.m in Sources */,
				65760F681E63F89400E98511 /* SQItemOneViewController.m in Sources */,
				65760F3B1E63F80300E98511 /* ViewController.m in Sources */,
				65760F861E63F93A00E98511 /* MASConstraint.m in Sources */,
				65760F8E1E63F93A00E98511 /* ViewController+MASAdditions.m in Sources */,
				65760FB11E63FEF100E98511 /* AFSecurityPolicy.m in Sources */,
				65760F881E63F93A00E98511 /* MASLayoutConstraint.m in Sources */,
				65760FAC1E63FEF100E98511 /* AFHTTPRequestOperationManager.m in Sources */,
				65760F8B1E63F93A00E98511 /* NSArray+MASAdditions.m in Sources */,
				65760F8A1E63F93A00E98511 /* MASViewConstraint.m in Sources */,
				65760FB91E64117800E98511 /* SQItemTwoViewController.m in Sources */,
				65760F891E63F93A00E98511 /* MASViewAttribute.m in Sources */,
				65760F8D1E63F93A00E98511 /* View+MASAdditions.m in Sources */,
				65760F381E63F80300E98511 /* AppDelegate.m in Sources */,
				65760FAF1E63FEF100E98511 /* AFNet.m in Sources */,
				65760F351E63F80300E98511 /* main.m in Sources */,
				65760FAB1E63FEF100E98511 /* AFHTTPRequestOperation.m in Sources */,
				65760F851E63F93A00E98511 /* MASCompositeConstraint.m in Sources */,
				65760FB31E63FEF100E98511 /* AFURLRequestSerialization.m in Sources */,
				65760FAD1E63FEF100E98511 /* AFHTTPSessionManager.m in Sources */,
				65760FB41E63FEF100E98511 /* AFURLResponseSerialization.m in Sources */,
				65760F8C1E63F93A00E98511 /* NSLayoutConstraint+MASDebugAdditions.m in Sources */,
			);
			runOnlyForDeploymentPostprocessing = 0;
		};
		65760F451E63F80300E98511 /* Sources */ = {
			isa = PBXSourcesBuildPhase;
			buildActionMask = 2147483647;
			files = (
				65760F4E1E63F80300E98511 /* GCDTestTests.m in Sources */,
			);
			runOnlyForDeploymentPostprocessing = 0;
		};
		65760F501E63F80300E98511 /* Sources */ = {
			isa = PBXSourcesBuildPhase;
			buildActionMask = 2147483647;
			files = (
				65760F591E63F80300E98511 /* GCDTestUITests.m in Sources */,
			);
			runOnlyForDeploymentPostprocessing = 0;
		};
/* End PBXSourcesBuildPhase section */

/* Begin PBXTargetDependency section */
		65760F4B1E63F80300E98511 /* PBXTargetDependency */ = {
			isa = PBXTargetDependency;
			target = 65760F2F1E63F80300E98511 /* GCDTest */;
			targetProxy = 65760F4A1E63F80300E98511 /* PBXContainerItemProxy */;
		};
		65760F561E63F80300E98511 /* PBXTargetDependency */ = {
			isa = PBXTargetDependency;
			target = 65760F2F1E63F80300E98511 /* GCDTest */;
			targetProxy = 65760F551E63F80300E98511 /* PBXContainerItemProxy */;
		};
/* End PBXTargetDependency section */

/* Begin PBXVariantGroup section */
		65760F3C1E63F80300E98511 /* Main.storyboard */ = {
			isa = PBXVariantGroup;
			children = (
				65760F3D1E63F80300E98511 /* Base */,
			);
			name = Main.storyboard;
			sourceTree = "<group>";
		};
		65760F411E63F80300E98511 /* LaunchScreen.storyboard */ = {
			isa = PBXVariantGroup;
			children = (
				65760F421E63F80300E98511 /* Base */,
			);
			name = LaunchScreen.storyboard;
			sourceTree = "<group>";
		};
/* End PBXVariantGroup section */

/* Begin XCBuildConfiguration section */
		65760F5B1E63F80300E98511 /* Debug */ = {
			isa = XCBuildConfiguration;
			buildSettings = {
				ALWAYS_SEARCH_USER_PATHS = NO;
				CLANG_ANALYZER_NONNULL = YES;
				CLANG_CXX_LANGUAGE_STANDARD = "gnu++0x";
				CLANG_CXX_LIBRARY = "libc++";
				CLANG_ENABLE_MODULES = YES;
				CLANG_ENABLE_OBJC_ARC = YES;
				CLANG_WARN_BOOL_CONVERSION = YES;
				CLANG_WARN_CONSTANT_CONVERSION = YES;
				CLANG_WARN_DIRECT_OBJC_ISA_USAGE = YES_ERROR;
				CLANG_WARN_EMPTY_BODY = YES;
				CLANG_WARN_ENUM_CONVERSION = YES;
				CLANG_WARN_INT_CONVERSION = YES;
				CLANG_WARN_OBJC_ROOT_CLASS = YES_ERROR;
				CLANG_WARN_UNREACHABLE_CODE = YES;
				CLANG_WARN__DUPLICATE_METHOD_MATCH = YES;
				"CODE_SIGN_IDENTITY[sdk=iphoneos*]" = "iPhone Developer";
				COPY_PHASE_STRIP = NO;
				DEBUG_INFORMATION_FORMAT = dwarf;
				ENABLE_STRICT_OBJC_MSGSEND = YES;
				ENABLE_TESTABILITY = YES;
				GCC_C_LANGUAGE_STANDARD = gnu99;
				GCC_DYNAMIC_NO_PIC = NO;
				GCC_NO_COMMON_BLOCKS = YES;
				GCC_OPTIMIZATION_LEVEL = 0;
				GCC_PREPROCESSOR_DEFINITIONS = (
					"DEBUG=1",
					"$(inherited)",
				);
				GCC_WARN_64_TO_32_BIT_CONVERSION = YES;
				GCC_WARN_ABOUT_RETURN_TYPE = YES_ERROR;
				GCC_WARN_UNDECLARED_SELECTOR = YES;
				GCC_WARN_UNINITIALIZED_AUTOS = YES_AGGRESSIVE;
				GCC_WARN_UNUSED_FUNCTION = YES;
				GCC_WARN_UNUSED_VARIABLE = YES;
				IPHONEOS_DEPLOYMENT_TARGET = 9.3;
				MTL_ENABLE_DEBUG_INFO = YES;
				ONLY_ACTIVE_ARCH = YES;
				SDKROOT = iphoneos;
			};
			name = Debug;
		};
		65760F5C1E63F80300E98511 /* Release */ = {
			isa = XCBuildConfiguration;
			buildSettings = {
				ALWAYS_SEARCH_USER_PATHS = NO;
				CLANG_ANALYZER_NONNULL = YES;
				CLANG_CXX_LANGUAGE_STANDARD = "gnu++0x";
				CLANG_CXX_LIBRARY = "libc++";
				CLANG_ENABLE_MODULES = YES;
				CLANG_ENABLE_OBJC_ARC = YES;
				CLANG_WARN_BOOL_CONVERSION = YES;
				CLANG_WARN_CONSTANT_CONVERSION = YES;
				CLANG_WARN_DIRECT_OBJC_ISA_USAGE = YES_ERROR;
				CLANG_WARN_EMPTY_BODY = YES;
				CLANG_WARN_ENUM_CONVERSION = YES;
				CLANG_WARN_INT_CONVERSION = YES;
				CLANG_WARN_OBJC_ROOT_CLASS = YES_ERROR;
				CLANG_WARN_UNREACHABLE_CODE = YES;
				CLANG_WARN__DUPLICATE_METHOD_MATCH = YES;
				"CODE_SIGN_IDENTITY[sdk=iphoneos*]" = "iPhone Developer";
				COPY_PHASE_STRIP = NO;
				DEBUG_INFORMATION_FORMAT = "dwarf-with-dsym";
				ENABLE_NS_ASSERTIONS = NO;
				ENABLE_STRICT_OBJC_MSGSEND = YES;
				GCC_C_LANGUAGE_STANDARD = gnu99;
				GCC_NO_COMMON_BLOCKS = YES;
				GCC_WARN_64_TO_32_BIT_CONVERSION = YES;
				GCC_WARN_ABOUT_RETURN_TYPE = YES_ERROR;
				GCC_WARN_UNDECLARED_SELECTOR = YES;
				GCC_WARN_UNINITIALIZED_AUTOS = YES_AGGRESSIVE;
				GCC_WARN_UNUSED_FUNCTION = YES;
				GCC_WARN_UNUSED_VARIABLE = YES;
				IPHONEOS_DEPLOYMENT_TARGET = 9.3;
				MTL_ENABLE_DEBUG_INFO = NO;
				SDKROOT = iphoneos;
				VALIDATE_PRODUCT = YES;
			};
			name = Release;
		};
		65760F5E1E63F80300E98511 /* Debug */ = {
			isa = XCBuildConfiguration;
			buildSettings = {
				ASSETCATALOG_COMPILER_APPICON_NAME = AppIcon;
				CODE_SIGN_IDENTITY = "iPhone Developer";
				GCC_PRECOMPILE_PREFIX_HEADER = YES;
				GCC_PREFIX_HEADER = GCDTest/PrefixHeader.pch;
				INFOPLIST_FILE = GCDTest/Info.plist;
				LD_RUNPATH_SEARCH_PATHS = "$(inherited) @executable_path/Frameworks";
				PRODUCT_BUNDLE_IDENTIFIER = zhb.GCDTest;
				PRODUCT_NAME = "$(TARGET_NAME)";
			};
			name = Debug;
		};
		65760F5F1E63F80300E98511 /* Release */ = {
			isa = XCBuildConfiguration;
			buildSettings = {
				ASSETCATALOG_COMPILER_APPICON_NAME = AppIcon;
				CODE_SIGN_IDENTITY = "iPhone Developer";
				GCC_PRECOMPILE_PREFIX_HEADER = YES;
				GCC_PREFIX_HEADER = GCDTest/PrefixHeader.pch;
				INFOPLIST_FILE = GCDTest/Info.plist;
				LD_RUNPATH_SEARCH_PATHS = "$(inherited) @executable_path/Frameworks";
				PRODUCT_BUNDLE_IDENTIFIER = zhb.GCDTest;
				PRODUCT_NAME = "$(TARGET_NAME)";
			};
			name = Release;
		};
		65760F611E63F80300E98511 /* Debug */ = {
			isa = XCBuildConfiguration;
			buildSettings = {
				BUNDLE_LOADER = "$(TEST_HOST)";
				INFOPLIST_FILE = GCDTestTests/Info.plist;
				LD_RUNPATH_SEARCH_PATHS = "$(inherited) @executable_path/Frameworks @loader_path/Frameworks";
				PRODUCT_BUNDLE_IDENTIFIER = zhb.GCDTestTests;
				PRODUCT_NAME = "$(TARGET_NAME)";
				TEST_HOST = "$(BUILT_PRODUCTS_DIR)/GCDTest.app/GCDTest";
			};
			name = Debug;
		};
		65760F621E63F80300E98511 /* Release */ = {
			isa = XCBuildConfiguration;
			buildSettings = {
				BUNDLE_LOADER = "$(TEST_HOST)";
				INFOPLIST_FILE = GCDTestTests/Info.plist;
				LD_RUNPATH_SEARCH_PATHS = "$(inherited) @executable_path/Frameworks @loader_path/Frameworks";
				PRODUCT_BUNDLE_IDENTIFIER = zhb.GCDTestTests;
				PRODUCT_NAME = "$(TARGET_NAME)";
				TEST_HOST = "$(BUILT_PRODUCTS_DIR)/GCDTest.app/GCDTest";
			};
			name = Release;
		};
		65760F641E63F80300E98511 /* Debug */ = {
			isa = XCBuildConfiguration;
			buildSettings = {
				INFOPLIST_FILE = GCDTestUITests/Info.plist;
				LD_RUNPATH_SEARCH_PATHS = "$(inherited) @executable_path/Frameworks @loader_path/Frameworks";
				PRODUCT_BUNDLE_IDENTIFIER = zhb.GCDTestUITests;
				PRODUCT_NAME = "$(TARGET_NAME)";
				TEST_TARGET_NAME = GCDTest;
			};
			name = Debug;
		};
		65760F651E63F80300E98511 /* Release */ = {
			isa = XCBuildConfiguration;
			buildSettings = {
				INFOPLIST_FILE = GCDTestUITests/Info.plist;
				LD_RUNPATH_SEARCH_PATHS = "$(inherited) @executable_path/Frameworks @loader_path/Frameworks";
				PRODUCT_BUNDLE_IDENTIFIER = zhb.GCDTestUITests;
				PRODUCT_NAME = "$(TARGET_NAME)";
				TEST_TARGET_NAME = GCDTest;
			};
			name = Release;
		};
/* End XCBuildConfiguration section */

/* Begin XCConfigurationList section */
		65760F2B1E63F80300E98511 /* Build configuration list for PBXProject "GCDTest" */ = {
			isa = XCConfigurationList;
			buildConfigurations = (
				65760F5B1E63F80300E98511 /* Debug */,
				65760F5C1E63F80300E98511 /* Release */,
			);
			defaultConfigurationIsVisible = 0;
			defaultConfigurationName = Release;
		};
		65760F5D1E63F80300E98511 /* Build configuration list for PBXNativeTarget "GCDTest" */ = {
			isa = XCConfigurationList;
			buildConfigurations = (
				65760F5E1E63F80300E98511 /* Debug */,
				65760F5F1E63F80300E98511 /* Release */,
			);
			defaultConfigurationIsVisible = 0;
			defaultConfigurationName = Release;
		};
		65760F601E63F80300E98511 /* Build configuration list for PBXNativeTarget "GCDTestTests" */ = {
			isa = XCConfigurationList;
			buildConfigurations = (
				65760F611E63F80300E98511 /* Debug */,
				65760F621E63F80300E98511 /* Release */,
			);
			defaultConfigurationIsVisible = 0;
			defaultConfigurationName = Release;
		};
		65760F631E63F80300E98511 /* Build configuration list for PBXNativeTarget "GCDTestUITests" */ = {
			isa = XCConfigurationList;
			buildConfigurations = (
				65760F641E63F80300E98511 /* Debug */,
				65760F651E63F80300E98511 /* Release */,
			);
			defaultConfigurationIsVisible = 0;
			defaultConfigurationName = Release;
		};
/* End XCConfigurationList section */
	};
	rootObject = 65760F281E63F80300E98511 /* Project object */;
}
